// !$*UTF8*$!
{
	archiveVersion = 1;
	classes = {
	};
	objectVersion = 46;
	objects = {

/* Begin PBXBuildFile section */
		6A8E1FB21ADF3178009495FA /* SosDevice.cpp in Sources */ = {isa = PBXBuildFile; fileRef = 6A8E1FAF1ADF3178009495FA /* SosDevice.cpp */; };
		6A8E1FB31ADF3178009495FA /* SosDevice.h in Headers */ = {isa = PBXBuildFile; fileRef = 6A8E1FB01ADF3178009495FA /* SosDevice.h */; };
		6A8E1FB41ADF3178009495FA /* usbPackets.h in Headers */ = {isa = PBXBuildFile; fileRef = 6A8E1FB11ADF3178009495FA /* usbPackets.h */; };
		B87DB1511AEDB7AF00212CD9 /* hidapi.h in Headers */ = {isa = PBXBuildFile; fileRef = B87DB1501AEDB7AF00212CD9 /* hidapi.h */; };
		B87DB1531AEDB7D600212CD9 /* libhidapi.a in Frameworks */ = {isa = PBXBuildFile; fileRef = B87DB1521AEDB7D600212CD9 /* libhidapi.a */; };
/* End PBXBuildFile section */

/* Begin PBXContainerItemProxy section */
		6A315DF61AE2A66B00649590 /* PBXContainerItemProxy */ = {
			isa = PBXContainerItemProxy;
			containerPortal = 6A315DF21AE2A66A00649590 /* TryConnectSos.xcodeproj */;
			proxyType = 2;
			remoteGlobalIDString = 6A315DE61AE2A66A00649590;
			remoteInfo = TryConnectSos;
		};
/* End PBXContainerItemProxy section */

/* Begin PBXFileReference section */
		6A315DF21AE2A66A00649590 /* TryConnectSos.xcodeproj */ = {isa = PBXFileReference; lastKnownFileType = "wrapper.pb-project"; name = TryConnectSos.xcodeproj; path = TryConnectSos/TryConnectSos.xcodeproj; sourceTree = "<group>"; };
		6A8E1FAF1ADF3178009495FA /* SosDevice.cpp */ = {isa = PBXFileReference; fileEncoding = 4; lastKnownFileType = sourcecode.cpp.cpp; path = SosDevice.cpp; sourceTree = "<group>"; };
		6A8E1FB01ADF3178009495FA /* SosDevice.h */ = {isa = PBXFileReference; fileEncoding = 4; lastKnownFileType = sourcecode.c.h; path = SosDevice.h; sourceTree = "<group>"; };
		6A8E1FB11ADF3178009495FA /* usbPackets.h */ = {isa = PBXFileReference; fileEncoding = 4; lastKnownFileType = sourcecode.c.h; path = usbPackets.h; sourceTree = "<group>"; };
		6AB6E1C31AD9C48900494C17 /* libMyCppLib.dylib */ = {isa = PBXFileReference; explicitFileType = "compiled.mach-o.dylib"; includeInIndex = 0; path = libMyCppLib.dylib; sourceTree = BUILT_PRODUCTS_DIR; };
		B87DB1501AEDB7AF00212CD9 /* hidapi.h */ = {isa = PBXFileReference; lastKnownFileType = sourcecode.c.h; name = hidapi.h; path = ../../Libs/hidapi/include/hidapi/hidapi.h; sourceTree = "<group>"; };
		B87DB1521AEDB7D600212CD9 /* libhidapi.a */ = {isa = PBXFileReference; lastKnownFileType = archive.ar; name = libhidapi.a; path = ../../Libs/hidapi/lib/libhidapi.a; sourceTree = "<group>"; };
/* End PBXFileReference section */

/* Begin PBXFrameworksBuildPhase section */
		6AB6E1C01AD9C48900494C17 /* Frameworks */ = {
			isa = PBXFrameworksBuildPhase;
			buildActionMask = 2147483647;
			files = (
				B87DB1531AEDB7D600212CD9 /* libhidapi.a in Frameworks */,
			);
			runOnlyForDeploymentPostprocessing = 0;
		};
/* End PBXFrameworksBuildPhase section */

/* Begin PBXGroup section */
		6A315DF31AE2A66A00649590 /* Products */ = {
			isa = PBXGroup;
			children = (
				6A315DF71AE2A66B00649590 /* TryConnectSos */,
			);
			name = Products;
			sourceTree = "<group>";
		};
		6AB6E1BA1AD9C48900494C17 = {
			isa = PBXGroup;
			children = (
				B87DB1521AEDB7D600212CD9 /* libhidapi.a */,
				B87DB1501AEDB7AF00212CD9 /* hidapi.h */,
				6A315DF21AE2A66A00649590 /* TryConnectSos.xcodeproj */,
				6A8E1FAF1ADF3178009495FA /* SosDevice.cpp */,
				6A8E1FB01ADF3178009495FA /* SosDevice.h */,
				6A8E1FB11ADF3178009495FA /* usbPackets.h */,
				6AB6E1C41AD9C48900494C17 /* Products */,
			);
			sourceTree = "<group>";
		};
		6AB6E1C41AD9C48900494C17 /* Products */ = {
			isa = PBXGroup;
			children = (
				6AB6E1C31AD9C48900494C17 /* libMyCppLib.dylib */,
			);
			name = Products;
			sourceTree = "<group>";
		};
/* End PBXGroup section */

/* Begin PBXHeadersBuildPhase section */
		6AB6E1C11AD9C48900494C17 /* Headers */ = {
			isa = PBXHeadersBuildPhase;
			buildActionMask = 2147483647;
			files = (
				B87DB1511AEDB7AF00212CD9 /* hidapi.h in Headers */,
				6A8E1FB41ADF3178009495FA /* usbPackets.h in Headers */,
				6A8E1FB31ADF3178009495FA /* SosDevice.h in Headers */,
			);
			runOnlyForDeploymentPostprocessing = 0;
		};
/* End PBXHeadersBuildPhase section */

/* Begin PBXNativeTarget section */
		6AB6E1C21AD9C48900494C17 /* MyCppLib */ = {
			isa = PBXNativeTarget;
			buildConfigurationList = 6AB6E1C71AD9C48900494C17 /* Build configuration list for PBXNativeTarget "MyCppLib" */;
			buildPhases = (
				6AB6E1BF1AD9C48900494C17 /* Sources */,
				6AB6E1C01AD9C48900494C17 /* Frameworks */,
				6AB6E1C11AD9C48900494C17 /* Headers */,
			);
			buildRules = (
			);
			dependencies = (
			);
			name = MyCppLib;
			productName = MyCppLib;
			productReference = 6AB6E1C31AD9C48900494C17 /* libMyCppLib.dylib */;
			productType = "com.apple.product-type.library.dynamic";
		};
/* End PBXNativeTarget section */

/* Begin PBXProject section */
		6AB6E1BB1AD9C48900494C17 /* Project object */ = {
			isa = PBXProject;
			attributes = {
				LastUpgradeCheck = 0500;
				ORGANIZATIONNAME = "Lee Richardson";
			};
			buildConfigurationList = 6AB6E1BE1AD9C48900494C17 /* Build configuration list for PBXProject "MyCppLib" */;
			compatibilityVersion = "Xcode 3.2";
			developmentRegion = English;
			hasScannedForEncodings = 0;
			knownRegions = (
				en,
			);
			mainGroup = 6AB6E1BA1AD9C48900494C17;
			productRefGroup = 6AB6E1C41AD9C48900494C17 /* Products */;
			projectDirPath = "";
			projectReferences = (
				{
					ProductGroup = 6A315DF31AE2A66A00649590 /* Products */;
					ProjectRef = 6A315DF21AE2A66A00649590 /* TryConnectSos.xcodeproj */;
				},
			);
			projectRoot = "";
			targets = (
				6AB6E1C21AD9C48900494C17 /* MyCppLib */,
			);
		};
/* End PBXProject section */

/* Begin PBXReferenceProxy section */
		6A315DF71AE2A66B00649590 /* TryConnectSos */ = {
			isa = PBXReferenceProxy;
			fileType = "compiled.mach-o.executable";
			path = TryConnectSos;
			remoteRef = 6A315DF61AE2A66B00649590 /* PBXContainerItemProxy */;
			sourceTree = BUILT_PRODUCTS_DIR;
		};
/* End PBXReferenceProxy section */

/* Begin PBXSourcesBuildPhase section */
		6AB6E1BF1AD9C48900494C17 /* Sources */ = {
			isa = PBXSourcesBuildPhase;
			buildActionMask = 2147483647;
			files = (
				6A8E1FB21ADF3178009495FA /* SosDevice.cpp in Sources */,
			);
			runOnlyForDeploymentPostprocessing = 0;
		};
/* End PBXSourcesBuildPhase section */

/* Begin XCBuildConfiguration section */
		6AB6E1C51AD9C48900494C17 /* Debug */ = {
			isa = XCBuildConfiguration;
			buildSettings = {
				ALWAYS_SEARCH_USER_PATHS = NO;
				CLANG_CXX_LANGUAGE_STANDARD = "gnu++0x";
				CLANG_CXX_LIBRARY = "libc++";
				CLANG_ENABLE_OBJC_ARC = YES;
				CLANG_WARN_BOOL_CONVERSION = YES;
				CLANG_WARN_CONSTANT_CONVERSION = YES;
				CLANG_WARN_DIRECT_OBJC_ISA_USAGE = YES_ERROR;
				CLANG_WARN_EMPTY_BODY = YES;
				CLANG_WARN_ENUM_CONVERSION = YES;
				CLANG_WARN_INT_CONVERSION = YES;
				CLANG_WARN_OBJC_ROOT_CLASS = YES_ERROR;
				CLANG_WARN__DUPLICATE_METHOD_MATCH = YES;
				COPY_PHASE_STRIP = NO;
				GCC_C_LANGUAGE_STANDARD = gnu99;
				GCC_DYNAMIC_NO_PIC = NO;
				GCC_ENABLE_OBJC_EXCEPTIONS = YES;
				GCC_OPTIMIZATION_LEVEL = 0;
				GCC_PREPROCESSOR_DEFINITIONS = (
					"DEBUG=1",
					"$(inherited)",
				);
				GCC_SYMBOLS_PRIVATE_EXTERN = NO;
				GCC_WARN_64_TO_32_BIT_CONVERSION = YES;
				GCC_WARN_ABOUT_RETURN_TYPE = YES_ERROR;
				GCC_WARN_UNDECLARED_SELECTOR = YES;
				GCC_WARN_UNINITIALIZED_AUTOS = YES;
				GCC_WARN_UNUSED_FUNCTION = YES;
				GCC_WARN_UNUSED_VARIABLE = YES;
				MACOSX_DEPLOYMENT_TARGET = 10.9;
				ONLY_ACTIVE_ARCH = YES;
				SDKROOT = macosx;
			};
			name = Debug;
		};
		6AB6E1C61AD9C48900494C17 /* Release */ = {
			isa = XCBuildConfiguration;
			buildSettings = {
				ALWAYS_SEARCH_USER_PATHS = NO;
				CLANG_CXX_LANGUAGE_STANDARD = "gnu++0x";
				CLANG_CXX_LIBRARY = "libc++";
				CLANG_ENABLE_OBJC_ARC = YES;
				CLANG_WARN_BOOL_CONVERSION = YES;
				CLANG_WARN_CONSTANT_CONVERSION = YES;
				CLANG_WARN_DIRECT_OBJC_ISA_USAGE = YES_ERROR;
				CLANG_WARN_EMPTY_BODY = YES;
				CLANG_WARN_ENUM_CONVERSION = YES;
				CLANG_WARN_INT_CONVERSION = YES;
				CLANG_WARN_OBJC_ROOT_CLASS = YES_ERROR;
				CLANG_WARN__DUPLICATE_METHOD_MATCH = YES;
				COPY_PHASE_STRIP = YES;
				DEBUG_INFORMATION_FORMAT = "dwarf-with-dsym";
				ENABLE_NS_ASSERTIONS = NO;
				GCC_C_LANGUAGE_STANDARD = gnu99;
				GCC_ENABLE_OBJC_EXCEPTIONS = YES;
				GCC_WARN_64_TO_32_BIT_CONVERSION = YES;
				GCC_WARN_ABOUT_RETURN_TYPE = YES_ERROR;
				GCC_WARN_UNDECLARED_SELECTOR = YES;
				GCC_WARN_UNINITIALIZED_AUTOS = YES;
				GCC_WARN_UNUSED_FUNCTION = YES;
				GCC_WARN_UNUSED_VARIABLE = YES;
				MACOSX_DEPLOYMENT_TARGET = 10.9;
				SDKROOT = macosx;
			};
			name = Release;
		};
		6AB6E1C81AD9C48900494C17 /* Debug */ = {
			isa = XCBuildConfiguration;
			buildSettings = {
				EXECUTABLE_PREFIX = lib;
				LIBRARY_SEARCH_PATHS = (
					"$(inherited)",
					"/usr/local/Cellar/hidapi/0.8.0-rc1/lib",
					/Users/leerichardson/dev/SirenOfShame/Libs/hidapi/lib,
				);
				PRODUCT_NAME = "$(TARGET_NAME)";
			};
			name = Debug;
		};
		6AB6E1C91AD9C48900494C17 /* Release */ = {
			isa = XCBuildConfiguration;
			buildSettings = {
				EXECUTABLE_PREFIX = lib;
				LIBRARY_SEARCH_PATHS = (
					"$(inherited)",
					"/usr/local/Cellar/hidapi/0.8.0-rc1/lib",
					/Users/leerichardson/dev/SirenOfShame/Libs/hidapi/lib,
				);
				PRODUCT_NAME = "$(TARGET_NAME)";
			};
			name = Release;
		};
/* End XCBuildConfiguration section */

/* Begin XCConfigurationList section */
		6AB6E1BE1AD9C48900494C17 /* Build configuration list for PBXProject "MyCppLib" */ = {
			isa = XCConfigurationList;
			buildConfigurations = (
				6AB6E1C51AD9C48900494C17 /* Debug */,
				6AB6E1C61AD9C48900494C17 /* Release */,
			);
			defaultConfigurationIsVisible = 0;
			defaultConfigurationName = Release;
		};
		6AB6E1C71AD9C48900494C17 /* Build configuration list for PBXNativeTarget "MyCppLib" */ = {
			isa = XCConfigurationList;
			buildConfigurations = (
				6AB6E1C81AD9C48900494C17 /* Debug */,
				6AB6E1C91AD9C48900494C17 /* Release */,
			);
			defaultConfigurationIsVisible = 0;
			defaultConfigurationName = Release;
		};
/* End XCConfigurationList section */
	};
	rootObject = 6AB6E1BB1AD9C48900494C17 /* Project object */;
}
